lockfileVersion: '9.0'

settings:
  autoInstallPeers: true
  excludeLinksFromLockfile: false

importers:

  .:
    dependencies:
      '@ksu/api-client':
        specifier: workspace:*
        version: link:../../packages/api-client
      '@ksu/ui':
        specifier: workspace:*
        version: link:../../packages/ui
      d3-hierarchy:
        specifier: ^3.1.2
        version: 3.1.2
    devDependencies:
      '@types/d3-hierarchy':
        specifier: ^3.1.7
        version: 3.1.7

packages:

  '@types/d3-hierarchy@3.1.7':
    resolution: {integrity: sha512-tJFtNoYBtRtkNysX1Xq4sxtjK8YgoWUNpIiUee0/jHGRwqvzYxkq0hGVbbOGSz+JgFxxRu4K8nb3YpG3CMARtg==}

  d3-hierarchy@3.1.2:
    resolution: {integrity: sha512-FX/9frcub54beBdugHjDCdikxThEqjnR93Qt7PvQTOHxyiNCAlvMrHhclk3cD5VeAaq9fxmfRp+CnWw9rEMBuA==}
    engines: {node: '>=12'}

snapshots:

  '@types/d3-hierarchy@3.1.7': {}

  d3-hierarchy@3.1.2: {}
